
Microsoft Visual Studio Solution File, Format Version 12.00
# Visual Studio 15
VisualStudioVersion = 15.0.27004.2005
MinimumVisualStudioVersion = 10.0.40219.1
Project("{8BC9CEB8-8B4A-11D0-8D11-00A0C91BC942}") = "MDoc", "MDoc\MDoc.vcxproj", "{81879D73-9AA6-446E-838B-6EDD06BA432F}"
	ProjectSection(ProjectDependencies) = postProject
		{97BAC931-D607-46FB-9267-04900AD94BDB} = {97BAC931-D607-46FB-9267-04900AD94BDB}
		{6E2B57EE-0C27-438B-B037-E83B25159EA3} = {6E2B57EE-0C27-438B-B037-E83B25159EA3}
	EndProjectSection
EndProject
Project("{8BC9CEB8-8B4A-11D0-8D11-00A0C91BC942}") = "MDocScanner", "MDocScanner\MDocScanner.vcxproj", "{87643874-131B-440C-8ABD-5D78EA80DD84}"
	ProjectSection(ProjectDependencies) = postProject
		{97BAC931-D607-46FB-9267-04900AD94BDB} = {97BAC931-D607-46FB-9267-04900AD94BDB}
	EndProjectSection
EndProject
Project("{8BC9CEB8-8B4A-11D0-8D11-00A0C91BC942}") = "MDocCommon", "MDocCommon\MDocCommon.vcxproj", "{97BAC931-D607-46FB-9267-04900AD94BDB}"
EndProject
Project("{8BC9CEB8-8B4A-11D0-8D11-00A0C91BC942}") = "MDocSyncMacDB", "MDocSyncMacDB\MDocSyncMacDB.vcxproj", "{722FEE77-0F2D-430E-8F90-65958BD7006B}"
	ProjectSection(ProjectDependencies) = postProject
		{97BAC931-D607-46FB-9267-04900AD94BDB} = {97BAC931-D607-46FB-9267-04900AD94BDB}
		{6E2B57EE-0C27-438B-B037-E83B25159EA3} = {6E2B57EE-0C27-438B-B037-E83B25159EA3}
	EndProjectSection
EndProject
Project("{8BC9CEB8-8B4A-11D0-8D11-00A0C91BC942}") = "Mac24", "Mac24\Mac24.vcxproj", "{6E2B57EE-0C27-438B-B037-E83B25159EA3}"
EndProject
Project("{8BC9CEB8-8B4A-11D0-8D11-00A0C91BC942}") = "MDocSyncSRL", "MDocSyncSRL\MDocSyncSRL.vcxproj", "{1648EC49-9397-49CB-8772-8C6C2FBF547A}"
	ProjectSection(ProjectDependencies) = postProject
		{97BAC931-D607-46FB-9267-04900AD94BDB} = {97BAC931-D607-46FB-9267-04900AD94BDB}
	EndProjectSection
EndProject
Project("{8BC9CEB8-8B4A-11D0-8D11-00A0C91BC942}") = "MDocQRPrint", "MDocQRPrint\MDocQRPrint.vcxproj", "{CA956FC7-B57F-4218-BBCA-D0C2DF5CB1F4}"
	ProjectSection(ProjectDependencies) = postProject
		{97BAC931-D607-46FB-9267-04900AD94BDB} = {97BAC931-D607-46FB-9267-04900AD94BDB}
	EndProjectSection
EndProject
Project("{8BC9CEB8-8B4A-11D0-8D11-00A0C91BC942}") = "MDocQRBatchPrint", "MDocQRBatchPrint\MDocQRBatchPrint.vcxproj", "{E7130B2C-7A10-490F-A29F-E26847EC4557}"
	ProjectSection(ProjectDependencies) = postProject
		{97BAC931-D607-46FB-9267-04900AD94BDB} = {97BAC931-D607-46FB-9267-04900AD94BDB}
	EndProjectSection
EndProject
Project("{8BC9CEB8-8B4A-11D0-8D11-00A0C91BC942}") = "MDocScanProcess", "MDocScanProcess\MDocScanProcess.vcxproj", "{4D084DA3-F3EC-47AA-BF0E-891B68EC7E6A}"
	ProjectSection(ProjectDependencies) = postProject
		{97BAC931-D607-46FB-9267-04900AD94BDB} = {97BAC931-D607-46FB-9267-04900AD94BDB}
	EndProjectSection
EndProject
Project("{8BC9CEB8-8B4A-11D0-8D11-00A0C91BC942}") = "MDocImageChecker", "MDocImageChecker\MDocImageChecker.vcxproj", "{84C3094B-4FC3-4CE2-87BC-283B87D22C94}"
	ProjectSection(ProjectDependencies) = postProject
		{97BAC931-D607-46FB-9267-04900AD94BDB} = {97BAC931-D607-46FB-9267-04900AD94BDB}
	EndProjectSection
EndProject
Project("{8BC9CEB8-8B4A-11D0-8D11-00A0C91BC942}") = "CnvPdfToJpeg", "CnvPdfToJpeg\CnvPdfToJpeg.vcxproj", "{A056BEA0-7640-4F18-BDEB-52BC85C061E0}"
EndProject
Project("{8BC9CEB8-8B4A-11D0-8D11-00A0C91BC942}") = "MdocImageMigrate", "MDocImageMigrate\MdocImageMigrate.vcxproj", "{ED45357F-421F-4B1A-914A-A10460EA18F9}"
EndProject
Global
	GlobalSection(SolutionConfigurationPlatforms) = preSolution
		Debug|x64 = Debug|x64
		Debug|x86 = Debug|x86
		Release|x64 = Release|x64
		Release|x86 = Release|x86
	EndGlobalSection
	GlobalSection(ProjectConfigurationPlatforms) = postSolution
		{81879D73-9AA6-446E-838B-6EDD06BA432F}.Debug|x64.ActiveCfg = Debug|x64
		{81879D73-9AA6-446E-838B-6EDD06BA432F}.Debug|x64.Build.0 = Debug|x64
		{81879D73-9AA6-446E-838B-6EDD06BA432F}.Debug|x86.ActiveCfg = Debug|Win32
		{81879D73-9AA6-446E-838B-6EDD06BA432F}.Debug|x86.Build.0 = Debug|Win32
		{81879D73-9AA6-446E-838B-6EDD06BA432F}.Release|x64.ActiveCfg = Release|x64
		{81879D73-9AA6-446E-838B-6EDD06BA432F}.Release|x64.Build.0 = Release|x64
		{81879D73-9AA6-446E-838B-6EDD06BA432F}.Release|x86.ActiveCfg = Release|Win32
		{81879D73-9AA6-446E-838B-6EDD06BA432F}.Release|x86.Build.0 = Release|Win32
		{87643874-131B-440C-8ABD-5D78EA80DD84}.Debug|x64.ActiveCfg = Debug|x64
		{87643874-131B-440C-8ABD-5D78EA80DD84}.Debug|x64.Build.0 = Debug|x64
		{87643874-131B-440C-8ABD-5D78EA80DD84}.Debug|x86.ActiveCfg = Debug|Win32
		{87643874-131B-440C-8ABD-5D78EA80DD84}.Debug|x86.Build.0 = Debug|Win32
		{87643874-131B-440C-8ABD-5D78EA80DD84}.Release|x64.ActiveCfg = Release|x64
		{87643874-131B-440C-8ABD-5D78EA80DD84}.Release|x64.Build.0 = Release|x64
		{87643874-131B-440C-8ABD-5D78EA80DD84}.Release|x86.ActiveCfg = Release|Win32
		{87643874-131B-440C-8ABD-5D78EA80DD84}.Release|x86.Build.0 = Release|Win32
		{97BAC931-D607-46FB-9267-04900AD94BDB}.Debug|x64.ActiveCfg = Debug|x64
		{97BAC931-D607-46FB-9267-04900AD94BDB}.Debug|x64.Build.0 = Debug|x64
		{97BAC931-D607-46FB-9267-04900AD94BDB}.Debug|x86.ActiveCfg = Debug|Win32
		{97BAC931-D607-46FB-9267-04900AD94BDB}.Debug|x86.Build.0 = Debug|Win32
		{97BAC931-D607-46FB-9267-04900AD94BDB}.Release|x64.ActiveCfg = Release|x64
		{97BAC931-D607-46FB-9267-04900AD94BDB}.Release|x64.Build.0 = Release|x64
		{97BAC931-D607-46FB-9267-04900AD94BDB}.Release|x86.ActiveCfg = Release|Win32
		{97BAC931-D607-46FB-9267-04900AD94BDB}.Release|x86.Build.0 = Release|Win32
		{722FEE77-0F2D-430E-8F90-65958BD7006B}.Debug|x64.ActiveCfg = Debug|x64
		{722FEE77-0F2D-430E-8F90-65958BD7006B}.Debug|x64.Build.0 = Debug|x64
		{722FEE77-0F2D-430E-8F90-65958BD7006B}.Debug|x86.ActiveCfg = Debug|Win32
		{722FEE77-0F2D-430E-8F90-65958BD7006B}.Debug|x86.Build.0 = Debug|Win32
		{722FEE77-0F2D-430E-8F90-65958BD7006B}.Release|x64.ActiveCfg = Release|x64
		{722FEE77-0F2D-430E-8F90-65958BD7006B}.Release|x64.Build.0 = Release|x64
		{722FEE77-0F2D-430E-8F90-65958BD7006B}.Release|x86.ActiveCfg = Release|Win32
		{722FEE77-0F2D-430E-8F90-65958BD7006B}.Release|x86.Build.0 = Release|Win32
		{6E2B57EE-0C27-438B-B037-E83B25159EA3}.Debug|x64.ActiveCfg = Debug|x64
		{6E2B57EE-0C27-438B-B037-E83B25159EA3}.Debug|x64.Build.0 = Debug|x64
		{6E2B57EE-0C27-438B-B037-E83B25159EA3}.Debug|x86.ActiveCfg = Debug|Win32
		{6E2B57EE-0C27-438B-B037-E83B25159EA3}.Debug|x86.Build.0 = Debug|Win32
		{6E2B57EE-0C27-438B-B037-E83B25159EA3}.Release|x64.ActiveCfg = Release|x64
		{6E2B57EE-0C27-438B-B037-E83B25159EA3}.Release|x64.Build.0 = Release|x64
		{6E2B57EE-0C27-438B-B037-E83B25159EA3}.Release|x86.ActiveCfg = Release|Win32
		{6E2B57EE-0C27-438B-B037-E83B25159EA3}.Release|x86.Build.0 = Release|Win32
		{1648EC49-9397-49CB-8772-8C6C2FBF547A}.Debug|x64.ActiveCfg = Debug|x64
		{1648EC49-9397-49CB-8772-8C6C2FBF547A}.Debug|x64.Build.0 = Debug|x64
		{1648EC49-9397-49CB-8772-8C6C2FBF547A}.Debug|x86.ActiveCfg = Debug|Win32
		{1648EC49-9397-49CB-8772-8C6C2FBF547A}.Debug|x86.Build.0 = Debug|Win32
		{1648EC49-9397-49CB-8772-8C6C2FBF547A}.Release|x64.ActiveCfg = Release|x64
		{1648EC49-9397-49CB-8772-8C6C2FBF547A}.Release|x64.Build.0 = Release|x64
		{1648EC49-9397-49CB-8772-8C6C2FBF547A}.Release|x86.ActiveCfg = Release|Win32
		{1648EC49-9397-49CB-8772-8C6C2FBF547A}.Release|x86.Build.0 = Release|Win32
		{CA956FC7-B57F-4218-BBCA-D0C2DF5CB1F4}.Debug|x64.ActiveCfg = Debug|x64
		{CA956FC7-B57F-4218-BBCA-D0C2DF5CB1F4}.Debug|x64.Build.0 = Debug|x64
		{CA956FC7-B57F-4218-BBCA-D0C2DF5CB1F4}.Debug|x86.ActiveCfg = Debug|Win32
		{CA956FC7-B57F-4218-BBCA-D0C2DF5CB1F4}.Debug|x86.Build.0 = Debug|Win32
		{CA956FC7-B57F-4218-BBCA-D0C2DF5CB1F4}.Release|x64.ActiveCfg = Release|x64
		{CA956FC7-B57F-4218-BBCA-D0C2DF5CB1F4}.Release|x64.Build.0 = Release|x64
		{CA956FC7-B57F-4218-BBCA-D0C2DF5CB1F4}.Release|x86.ActiveCfg = Release|Win32
		{CA956FC7-B57F-4218-BBCA-D0C2DF5CB1F4}.Release|x86.Build.0 = Release|Win32
		{E7130B2C-7A10-490F-A29F-E26847EC4557}.Debug|x64.ActiveCfg = Debug|x64
		{E7130B2C-7A10-490F-A29F-E26847EC4557}.Debug|x64.Build.0 = Debug|x64
		{E7130B2C-7A10-490F-A29F-E26847EC4557}.Debug|x86.ActiveCfg = Debug|Win32
		{E7130B2C-7A10-490F-A29F-E26847EC4557}.Debug|x86.Build.0 = Debug|Win32
		{E7130B2C-7A10-490F-A29F-E26847EC4557}.Release|x64.ActiveCfg = Release|x64
		{E7130B2C-7A10-490F-A29F-E26847EC4557}.Release|x64.Build.0 = Release|x64
		{E7130B2C-7A10-490F-A29F-E26847EC4557}.Release|x86.ActiveCfg = Release|Win32
		{E7130B2C-7A10-490F-A29F-E26847EC4557}.Release|x86.Build.0 = Release|Win32
		{4D084DA3-F3EC-47AA-BF0E-891B68EC7E6A}.Debug|x64.ActiveCfg = Debug|x64
		{4D084DA3-F3EC-47AA-BF0E-891B68EC7E6A}.Debug|x64.Build.0 = Debug|x64
		{4D084DA3-F3EC-47AA-BF0E-891B68EC7E6A}.Debug|x86.ActiveCfg = Debug|Win32
		{4D084DA3-F3EC-47AA-BF0E-891B68EC7E6A}.Debug|x86.Build.0 = Debug|Win32
		{4D084DA3-F3EC-47AA-BF0E-891B68EC7E6A}.Release|x64.ActiveCfg = Release|x64
		{4D084DA3-F3EC-47AA-BF0E-891B68EC7E6A}.Release|x64.Build.0 = Release|x64
		{4D084DA3-F3EC-47AA-BF0E-891B68EC7E6A}.Release|x86.ActiveCfg = Release|Win32
		{4D084DA3-F3EC-47AA-BF0E-891B68EC7E6A}.Release|x86.Build.0 = Release|Win32
		{84C3094B-4FC3-4CE2-87BC-283B87D22C94}.Debug|x64.ActiveCfg = Debug|x64
		{84C3094B-4FC3-4CE2-87BC-283B87D22C94}.Debug|x64.Build.0 = Debug|x64
		{84C3094B-4FC3-4CE2-87BC-283B87D22C94}.Debug|x86.ActiveCfg = Debug|Win32
		{84C3094B-4FC3-4CE2-87BC-283B87D22C94}.Debug|x86.Build.0 = Debug|Win32
		{84C3094B-4FC3-4CE2-87BC-283B87D22C94}.Release|x64.ActiveCfg = Release|x64
		{84C3094B-4FC3-4CE2-87BC-283B87D22C94}.Release|x64.Build.0 = Release|x64
		{84C3094B-4FC3-4CE2-87BC-283B87D22C94}.Release|x86.ActiveCfg = Release|Win32
		{84C3094B-4FC3-4CE2-87BC-283B87D22C94}.Release|x86.Build.0 = Release|Win32
		{A056BEA0-7640-4F18-BDEB-52BC85C061E0}.Debug|x64.ActiveCfg = Debug|x64
		{A056BEA0-7640-4F18-BDEB-52BC85C061E0}.Debug|x64.Build.0 = Debug|x64
		{A056BEA0-7640-4F18-BDEB-52BC85C061E0}.Debug|x86.ActiveCfg = Debug|Win32
		{A056BEA0-7640-4F18-BDEB-52BC85C061E0}.Debug|x86.Build.0 = Debug|Win32
		{A056BEA0-7640-4F18-BDEB-52BC85C061E0}.Release|x64.ActiveCfg = Release|x64
		{A056BEA0-7640-4F18-BDEB-52BC85C061E0}.Release|x64.Build.0 = Release|x64
		{A056BEA0-7640-4F18-BDEB-52BC85C061E0}.Release|x86.ActiveCfg = Release|Win32
		{A056BEA0-7640-4F18-BDEB-52BC85C061E0}.Release|x86.Build.0 = Release|Win32
		{ED45357F-421F-4B1A-914A-A10460EA18F9}.Debug|x64.ActiveCfg = Debug|x64
		{ED45357F-421F-4B1A-914A-A10460EA18F9}.Debug|x64.Build.0 = Debug|x64
		{ED45357F-421F-4B1A-914A-A10460EA18F9}.Debug|x86.ActiveCfg = Debug|Win32
		{ED45357F-421F-4B1A-914A-A10460EA18F9}.Debug|x86.Build.0 = Debug|Win32
		{ED45357F-421F-4B1A-914A-A10460EA18F9}.Release|x64.ActiveCfg = Release|x64
		{ED45357F-421F-4B1A-914A-A10460EA18F9}.Release|x64.Build.0 = Release|x64
		{ED45357F-421F-4B1A-914A-A10460EA18F9}.Release|x86.ActiveCfg = Release|Win32
		{ED45357F-421F-4B1A-914A-A10460EA18F9}.Release|x86.Build.0 = Release|Win32
	EndGlobalSection
	GlobalSection(SolutionProperties) = preSolution
		HideSolutionNode = FALSE
	EndGlobalSection
	GlobalSection(ExtensibilityGlobals) = postSolution
		SolutionGuid = {BB2D3AFA-186D-47FF-925B-5DCF9FD58C16}
	EndGlobalSection
EndGlobal
